
Microsoft Visual Studio Solution File, Format Version 12.00
# Visual Studio Version 17
VisualStudioVersion = 17.0.31903.59
MinimumVisualStudioVersion = 10.0.40219.1
Project("{FAE04EC0-301F-11D3-BF4B-00C04F79EFBC}") = "FlatPlate.Core", "FlatPlate.Core\FlatPlate.Core.csproj", "{7CE7564A-654F-4A2E-BD14-DA15A483333F}"
EndProject
Project("{FAE04EC0-301F-11D3-BF4B-00C04F79EFBC}") = "FlatPlate.App", "FlatPlate.App\FlatPlate.App.csproj", "{2ED68527-BAC7-4D96-9A2E-A795018EF43E}"
EndProject
Project("{FAE04EC0-301F-11D3-BF4B-00C04F79EFBC}") = "FlatPlate.Tests", "FlatPlate.Tests\FlatPlate.Tests.csproj", "{DC4C865A-8D15-4292-86C7-77A3D1689B26}"
EndProject
Global
	GlobalSection(SolutionConfigurationPlatforms) = preSolution
		Debug|Any CPU = Debug|Any CPU
		Debug|x64 = Debug|x64
		Debug|x86 = Debug|x86
		Release|Any CPU = Release|Any CPU
		Release|x64 = Release|x64
		Release|x86 = Release|x86
	EndGlobalSection
	GlobalSection(ProjectConfigurationPlatforms) = postSolution
		{7CE7564A-654F-4A2E-BD14-DA15A483333F}.Debug|Any CPU.ActiveCfg = Debug|Any CPU
		{7CE7564A-654F-4A2E-BD14-DA15A483333F}.Debug|Any CPU.Build.0 = Debug|Any CPU
		{7CE7564A-654F-4A2E-BD14-DA15A483333F}.Debug|x64.ActiveCfg = Debug|Any CPU
		{7CE7564A-654F-4A2E-BD14-DA15A483333F}.Debug|x64.Build.0 = Debug|Any CPU
		{7CE7564A-654F-4A2E-BD14-DA15A483333F}.Debug|x86.ActiveCfg = Debug|Any CPU
		{7CE7564A-654F-4A2E-BD14-DA15A483333F}.Debug|x86.Build.0 = Debug|Any CPU
		{7CE7564A-654F-4A2E-BD14-DA15A483333F}.Release|Any CPU.ActiveCfg = Release|Any CPU
		{7CE7564A-654F-4A2E-BD14-DA15A483333F}.Release|Any CPU.Build.0 = Release|Any CPU
		{7CE7564A-654F-4A2E-BD14-DA15A483333F}.Release|x64.ActiveCfg = Release|Any CPU
		{7CE7564A-654F-4A2E-BD14-DA15A483333F}.Release|x64.Build.0 = Release|Any CPU
		{7CE7564A-654F-4A2E-BD14-DA15A483333F}.Release|x86.ActiveCfg = Release|Any CPU
		{7CE7564A-654F-4A2E-BD14-DA15A483333F}.Release|x86.Build.0 = Release|Any CPU
		{2ED68527-BAC7-4D96-9A2E-A795018EF43E}.Debug|Any CPU.ActiveCfg = Debug|Any CPU
		{2ED68527-BAC7-4D96-9A2E-A795018EF43E}.Debug|Any CPU.Build.0 = Debug|Any CPU
		{2ED68527-BAC7-4D96-9A2E-A795018EF43E}.Debug|x64.ActiveCfg = Debug|Any CPU
		{2ED68527-BAC7-4D96-9A2E-A795018EF43E}.Debug|x64.Build.0 = Debug|Any CPU
		{2ED68527-BAC7-4D96-9A2E-A795018EF43E}.Debug|x86.ActiveCfg = Debug|Any CPU
		{2ED68527-BAC7-4D96-9A2E-A795018EF43E}.Debug|x86.Build.0 = Debug|Any CPU
		{2ED68527-BAC7-4D96-9A2E-A795018EF43E}.Release|Any CPU.ActiveCfg = Release|Any CPU
		{2ED68527-BAC7-4D96-9A2E-A795018EF43E}.Release|Any CPU.Build.0 = Release|Any CPU
		{2ED68527-BAC7-4D96-9A2E-A795018EF43E}.Release|x64.ActiveCfg = Release|Any CPU
		{2ED68527-BAC7-4D96-9A2E-A795018EF43E}.Release|x64.Build.0 = Release|Any CPU
		{2ED68527-BAC7-4D96-9A2E-A795018EF43E}.Release|x86.ActiveCfg = Release|Any CPU
		{2ED68527-BAC7-4D96-9A2E-A795018EF43E}.Release|x86.Build.0 = Release|Any CPU
		{DC4C865A-8D15-4292-86C7-77A3D1689B26}.Debug|Any CPU.ActiveCfg = Debug|Any CPU
		{DC4C865A-8D15-4292-86C7-77A3D1689B26}.Debug|Any CPU.Build.0 = Debug|Any CPU
		{DC4C865A-8D15-4292-86C7-77A3D1689B26}.Debug|x64.ActiveCfg = Debug|Any CPU
		{DC4C865A-8D15-4292-86C7-77A3D1689B26}.Debug|x64.Build.0 = Debug|Any CPU
		{DC4C865A-8D15-4292-86C7-77A3D1689B26}.Debug|x86.ActiveCfg = Debug|Any CPU
		{DC4C865A-8D15-4292-86C7-77A3D1689B26}.Debug|x86.Build.0 = Debug|Any CPU
		{DC4C865A-8D15-4292-86C7-77A3D1689B26}.Release|Any CPU.ActiveCfg = Release|Any CPU
		{DC4C865A-8D15-4292-86C7-77A3D1689B26}.Release|Any CPU.Build.0 = Release|Any CPU
		{DC4C865A-8D15-4292-86C7-77A3D1689B26}.Release|x64.ActiveCfg = Release|Any CPU
		{DC4C865A-8D15-4292-86C7-77A3D1689B26}.Release|x64.Build.0 = Release|Any CPU
		{DC4C865A-8D15-4292-86C7-77A3D1689B26}.Release|x86.ActiveCfg = Release|Any CPU
		{DC4C865A-8D15-4292-86C7-77A3D1689B26}.Release|x86.Build.0 = Release|Any CPU
	EndGlobalSection
	GlobalSection(SolutionProperties) = preSolution
		HideSolutionNode = FALSE
	EndGlobalSection
EndGlobal
